
Microsoft Visual Studio Solution File, Format Version 12.00
# Visual Studio Version 17
VisualStudioVersion = 17.2.32519.379
MinimumVisualStudioVersion = 10.0.40219.1
Project("{9A19103F-16F7-4668-BE54-9A1E7A4F7556}") = "MarsRover", "MarsRover.csproj", "{2D40DD3B-9F8A-48F7-802E-AA6E8A24D3E7}"
EndProject
Project("{9A19103F-16F7-4668-BE54-9A1E7A4F7556}") = "MarsRover.Tests", "..\MarsRover.Tests\MarsRover.Tests.csproj", "{D56A1CEC-59B0-4644-BE5E-E6B993E0B537}"
EndProject
Global
	GlobalSection(SolutionConfigurationPlatforms) = preSolution
		Debug|Any CPU = Debug|Any CPU
		Release|Any CPU = Release|Any CPU
	EndGlobalSection
	GlobalSection(ProjectConfigurationPlatforms) = postSolution
		{2D40DD3B-9F8A-48F7-802E-AA6E8A24D3E7}.Debug|Any CPU.ActiveCfg = Debug|Any CPU
		{2D40DD3B-9F8A-48F7-802E-AA6E8A24D3E7}.Debug|Any CPU.Build.0 = Debug|Any CPU
		{2D40DD3B-9F8A-48F7-802E-AA6E8A24D3E7}.Release|Any CPU.ActiveCfg = Release|Any CPU
		{2D40DD3B-9F8A-48F7-802E-AA6E8A24D3E7}.Release|Any CPU.Build.0 = Release|Any CPU
		{D56A1CEC-59B0-4644-BE5E-E6B993E0B537}.Debug|Any CPU.ActiveCfg = Debug|Any CPU
		{D56A1CEC-59B0-4644-BE5E-E6B993E0B537}.Debug|Any CPU.Build.0 = Debug|Any CPU
		{D56A1CEC-59B0-4644-BE5E-E6B993E0B537}.Release|Any CPU.ActiveCfg = Release|Any CPU
		{D56A1CEC-59B0-4644-BE5E-E6B993E0B537}.Release|Any CPU.Build.0 = Release|Any CPU
	EndGlobalSection
	GlobalSection(SolutionProperties) = preSolution
		HideSolutionNode = FALSE
	EndGlobalSection
	GlobalSection(ExtensibilityGlobals) = postSolution
		SolutionGuid = {ED251009-B79B-4E69-818D-17C2CE5B2A5D}
	EndGlobalSection
EndGlobal
